
Microsoft Visual Studio Solution File, Format Version 12.00
# Visual Studio Version 17
VisualStudioVersion = 17.1.31911.260
MinimumVisualStudioVersion = 10.0.40219.1
Project("{9A19103F-16F7-4668-BE54-9A1E7A4F7556}") = "ENSEK.Web", "Bacs.Web\ENSEK.Web.csproj", "{D7DB4FC1-A9BA-4D68-9F59-C6D3BE9520A6}"
EndProject
Project("{9A19103F-16F7-4668-BE54-9A1E7A4F7556}") = "ENSEK.Web.Tests", "Bacs.Web.Tests\ENSEK.Web.Tests.csproj", "{F15AC08E-AAFB-4A3B-806D-9CD02F8E45CB}"
EndProject
Project("{9A19103F-16F7-4668-BE54-9A1E7A4F7556}") = "ENSEK.Services", "Bacs.Services\ENSEK.Services.csproj", "{B0258C57-658A-4405-A349-EEEE0C7E7E10}"
EndProject
Project("{9A19103F-16F7-4668-BE54-9A1E7A4F7556}") = "ENSEK.Models", "Bacs.Models\ENSEK.Models.csproj", "{0176D529-747C-44A9-BD1A-4C597328922F}"
EndProject
Project("{9A19103F-16F7-4668-BE54-9A1E7A4F7556}") = "ENSEK.Data", "Bacs.Data\ENSEK.Data.csproj", "{8232E373-F64B-4749-B814-98000BDFA4DF}"
EndProject
Global
	GlobalSection(SolutionConfigurationPlatforms) = preSolution
		Debug|Any CPU = Debug|Any CPU
		Release|Any CPU = Release|Any CPU
	EndGlobalSection
	GlobalSection(ProjectConfigurationPlatforms) = postSolution
		{D7DB4FC1-A9BA-4D68-9F59-C6D3BE9520A6}.Debug|Any CPU.ActiveCfg = Debug|Any CPU
		{D7DB4FC1-A9BA-4D68-9F59-C6D3BE9520A6}.Debug|Any CPU.Build.0 = Debug|Any CPU
		{D7DB4FC1-A9BA-4D68-9F59-C6D3BE9520A6}.Release|Any CPU.ActiveCfg = Release|Any CPU
		{D7DB4FC1-A9BA-4D68-9F59-C6D3BE9520A6}.Release|Any CPU.Build.0 = Release|Any CPU
		{F15AC08E-AAFB-4A3B-806D-9CD02F8E45CB}.Debug|Any CPU.ActiveCfg = Debug|Any CPU
		{F15AC08E-AAFB-4A3B-806D-9CD02F8E45CB}.Debug|Any CPU.Build.0 = Debug|Any CPU
		{F15AC08E-AAFB-4A3B-806D-9CD02F8E45CB}.Release|Any CPU.ActiveCfg = Release|Any CPU
		{F15AC08E-AAFB-4A3B-806D-9CD02F8E45CB}.Release|Any CPU.Build.0 = Release|Any CPU
		{B0258C57-658A-4405-A349-EEEE0C7E7E10}.Debug|Any CPU.ActiveCfg = Debug|Any CPU
		{B0258C57-658A-4405-A349-EEEE0C7E7E10}.Debug|Any CPU.Build.0 = Debug|Any CPU
		{B0258C57-658A-4405-A349-EEEE0C7E7E10}.Release|Any CPU.ActiveCfg = Release|Any CPU
		{B0258C57-658A-4405-A349-EEEE0C7E7E10}.Release|Any CPU.Build.0 = Release|Any CPU
		{0176D529-747C-44A9-BD1A-4C597328922F}.Debug|Any CPU.ActiveCfg = Debug|Any CPU
		{0176D529-747C-44A9-BD1A-4C597328922F}.Debug|Any CPU.Build.0 = Debug|Any CPU
		{0176D529-747C-44A9-BD1A-4C597328922F}.Release|Any CPU.ActiveCfg = Release|Any CPU
		{0176D529-747C-44A9-BD1A-4C597328922F}.Release|Any CPU.Build.0 = Release|Any CPU
		{8232E373-F64B-4749-B814-98000BDFA4DF}.Debug|Any CPU.ActiveCfg = Debug|Any CPU
		{8232E373-F64B-4749-B814-98000BDFA4DF}.Debug|Any CPU.Build.0 = Debug|Any CPU
		{8232E373-F64B-4749-B814-98000BDFA4DF}.Release|Any CPU.ActiveCfg = Release|Any CPU
		{8232E373-F64B-4749-B814-98000BDFA4DF}.Release|Any CPU.Build.0 = Release|Any CPU
	EndGlobalSection
	GlobalSection(SolutionProperties) = preSolution
		HideSolutionNode = FALSE
	EndGlobalSection
	GlobalSection(ExtensibilityGlobals) = postSolution
		SolutionGuid = {36CD7457-F9B6-4693-A1DD-A865DF04256C}
	EndGlobalSection
EndGlobal
